{
  "name": "@paulownia/json-diff",
  "version": "1.0.0",
  "lockfileVersion": 3,
  "requires": true,
  "packages": {
    "": {
      "name": "@paulownia/json-diff",
      "version": "1.0.0",
      "license": "MIT",
      "bin": {
        "json-diff": "bin/json-diff"
      },
      "engines": {
        "node": ">=14.0.0"
      }
    }
  }
}
