{
  "name": "@paulownia/json-diff",
  "version": "1.0.0",
  "lockfileVersion": 3,
  "requires": true,
  "packages": {
    "": {
      "name": "@paulownia/json-diff",
      "version": "1.0.0",
      "license": "MIT",
      "dependencies": {
        "chalk": "^5.4.1"
      },
      "bin": {
        "json-diff": "bin/json-diff"
      },
      "devDependencies": {
        "@power-assert/node": "^0.6.0",
        "@types/node": "^24.0.15",
        "typescript": "^5.8.3"
      },
      "engines": {
        "node": ">=18.0.0"
      }
    },
    "node_modules/@power-assert/node": {
      "version": "0.6.0",
      "resolved": "https://registry.npmjs.org/@power-assert/node/-/node-0.6.0.tgz",
      "integrity": "sha512-mBNQf0AiTWvf5YQ8xPkzm39j2h/O2uM3EbgBX+kyQzMDLI9V9dDYxMcCnBvZOcYJWCVNhKe4HEW5DwAJZKqWOg==",
      "dev": true,
      "license": "MIT",
      "dependencies": {
        "@power-assert/transpiler": "^0.6.0"
      },
      "engines": {
        "node": ">=22.14.0"
      },
      "peerDependencies": {
        "@power-assert/runtime": "^0.3.0"
      }
    },
    "node_modules/@power-assert/runtime": {
      "version": "0.3.0",
      "resolved": "https://registry.npmjs.org/@power-assert/runtime/-/runtime-0.3.0.tgz",
      "integrity": "sha512-WiMuozJS5KGImnTTFqkJ14SKaKHIG+OXxAcprWKsyzli2tPeA8d8m0hnekEW0viKzRJRrWuEw9QZBCjyPEazxg==",
      "dev": true,
      "license": "MIT",
      "peer": true
    },
    "node_modules/@power-assert/transpiler": {
      "version": "0.6.0",
      "resolved": "https://registry.npmjs.org/@power-assert/transpiler/-/transpiler-0.6.0.tgz",
      "integrity": "sha512-u+MuD5GcN2BnVIUAmQATBwv70DEweDZyqdaJSZcNRtohHk/Ku5Ii0cprYKHkstMdtrPhqoab7QU+gUZmf/sYXw==",
      "dev": true,
      "license": "MIT",
      "dependencies": {
        "@power-assert/transpiler-core": "^0.5.0",
        "acorn": "^8.14.0",
        "astring": "^1.9.0",
        "convert-source-map": "^2.0.0",
        "multi-stage-sourcemap": "^0.3.1",
        "source-map": "^0.7.4"
      }
    },
    "node_modules/@power-assert/transpiler-core": {
      "version": "0.5.0",
      "resolved": "https://registry.npmjs.org/@power-assert/transpiler-core/-/transpiler-core-0.5.0.tgz",
      "integrity": "sha512-gzFEyWPSu2JI/K+jR0TSwMexSxQ2ylso5yICDYDrGuSVV4lcCwKBexOWM4k8OoW4bSNwIauoCwxGJSux/Uxyig==",
      "dev": true,
      "license": "MIT",
      "dependencies": {
        "estree-walker": "^3.0.3"
      }
    },
    "node_modules/@types/estree": {
      "version": "1.0.8",
      "resolved": "https://registry.npmjs.org/@types/estree/-/estree-1.0.8.tgz",
      "integrity": "sha512-dWHzHa2WqEXI/O1E9OjrocMTKJl2mSrEolh1Iomrv6U+JuNwaHXsXx9bLu5gG7BUWFIN0skIQJQ/L1rIex4X6w==",
      "dev": true,
      "license": "MIT"
    },
    "node_modules/@types/node": {
      "version": "24.0.15",
      "resolved": "https://registry.npmjs.org/@types/node/-/node-24.0.15.tgz",
      "integrity": "sha512-oaeTSbCef7U/z7rDeJA138xpG3NuKc64/rZ2qmUFkFJmnMsAPaluIifqyWd8hSSMxyP9oie3dLAqYPblag9KgA==",
      "dev": true,
      "license": "MIT",
      "dependencies": {
        "undici-types": "~7.8.0"
      }
    },
    "node_modules/acorn": {
      "version": "8.15.0",
      "resolved": "https://registry.npmjs.org/acorn/-/acorn-8.15.0.tgz",
      "integrity": "sha512-NZyJarBfL7nWwIq+FDL6Zp/yHEhePMNnnJ0y3qfieCrmNvYct8uvtiV41UvlSe6apAfk0fY1FbWx+NwfmpvtTg==",
      "dev": true,
      "license": "MIT",
      "bin": {
        "acorn": "bin/acorn"
      },
      "engines": {
        "node": ">=0.4.0"
      }
    },
    "node_modules/amdefine": {
      "version": "1.0.1",
      "resolved": "https://registry.npmjs.org/amdefine/-/amdefine-1.0.1.tgz",
      "integrity": "sha512-S2Hw0TtNkMJhIabBwIojKL9YHO5T0n5eNqWJ7Lrlel/zDbftQpxpapi8tZs3X1HWa+u+QeydGmzzNU0m09+Rcg==",
      "dev": true,
      "license": "BSD-3-Clause OR MIT",
      "engines": {
        "node": ">=0.4.2"
      }
    },
    "node_modules/astring": {
      "version": "1.9.0",
      "resolved": "https://registry.npmjs.org/astring/-/astring-1.9.0.tgz",
      "integrity": "sha512-LElXdjswlqjWrPpJFg1Fx4wpkOCxj1TDHlSV4PlaRxHGWko024xICaa97ZkMfs6DRKlCguiAI+rbXv5GWwXIkg==",
      "dev": true,
      "license": "MIT",
      "bin": {
        "astring": "bin/astring"
      }
    },
    "node_modules/chalk": {
      "version": "5.4.1",
      "resolved": "https://registry.npmjs.org/chalk/-/chalk-5.4.1.tgz",
      "integrity": "sha512-zgVZuo2WcZgfUEmsn6eO3kINexW8RAE4maiQ8QNs8CtpPCSyMiYsULR3HQYkm3w8FIA3SberyMJMSldGsW+U3w==",
      "license": "MIT",
      "engines": {
        "node": "^12.17.0 || ^14.13 || >=16.0.0"
      },
      "funding": {
        "url": "https://github.com/chalk/chalk?sponsor=1"
      }
    },
    "node_modules/convert-source-map": {
      "version": "2.0.0",
      "resolved": "https://registry.npmjs.org/convert-source-map/-/convert-source-map-2.0.0.tgz",
      "integrity": "sha512-Kvp459HrV2FEJ1CAsi1Ku+MY3kasH19TFykTz2xWmMeq6bk2NU3XXvfJ+Q61m0xktWwt+1HSYf3JZsTms3aRJg==",
      "dev": true,
      "license": "MIT"
    },
    "node_modules/estree-walker": {
      "version": "3.0.3",
      "resolved": "https://registry.npmjs.org/estree-walker/-/estree-walker-3.0.3.tgz",
      "integrity": "sha512-7RUKfXgSMMkzt6ZuXmqapOurLGPPfgj6l9uRZ7lRGolvk0y2yocc35LdcxKC5PQZdn2DMqioAQ2NoWcrTKmm6g==",
      "dev": true,
      "license": "MIT",
      "dependencies": {
        "@types/estree": "^1.0.0"
      }
    },
    "node_modules/multi-stage-sourcemap": {
      "version": "0.3.1",
      "resolved": "https://registry.npmjs.org/multi-stage-sourcemap/-/multi-stage-sourcemap-0.3.1.tgz",
      "integrity": "sha512-UiTLYjqeIoVnJHyWGskwMKIhtZKK9uXUjSTWuwatarrc0d2H/6MAVFdwvEA/aKOHamIn7z4tfvxjz+FYucFpNQ==",
      "dev": true,
      "license": "MIT",
      "dependencies": {
        "source-map": "^0.1.34"
      }
    },
    "node_modules/multi-stage-sourcemap/node_modules/source-map": {
      "version": "0.1.43",
      "resolved": "https://registry.npmjs.org/source-map/-/source-map-0.1.43.tgz",
      "integrity": "sha512-VtCvB9SIQhk3aF6h+N85EaqIaBFIAfZ9Cu+NJHHVvc8BbEcnvDcFw6sqQ2dQrT6SlOrZq3tIvyD9+EGq/lJryQ==",
      "dev": true,
      "dependencies": {
        "amdefine": ">=0.0.4"
      },
      "engines": {
        "node": ">=0.8.0"
      }
    },
    "node_modules/source-map": {
      "version": "0.7.4",
      "resolved": "https://registry.npmjs.org/source-map/-/source-map-0.7.4.tgz",
      "integrity": "sha512-l3BikUxvPOcn5E74dZiq5BGsTb5yEwhaTSzccU6t4sDOH8NWJCstKO5QT2CvtFoK6F0saL7p9xHAqHOlCPJygA==",
      "dev": true,
      "license": "BSD-3-Clause",
      "engines": {
        "node": ">= 8"
      }
    },
    "node_modules/typescript": {
      "version": "5.8.3",
      "resolved": "https://registry.npmjs.org/typescript/-/typescript-5.8.3.tgz",
      "integrity": "sha512-p1diW6TqL9L07nNxvRMM7hMMw4c5XOo/1ibL4aAIGmSAt9slTE1Xgw5KWuof2uTOvCg9BY7ZRi+GaF+7sfgPeQ==",
      "dev": true,
      "license": "Apache-2.0",
      "bin": {
        "tsc": "bin/tsc",
        "tsserver": "bin/tsserver"
      },
      "engines": {
        "node": ">=14.17"
      }
    },
    "node_modules/undici-types": {
      "version": "7.8.0",
      "resolved": "https://registry.npmjs.org/undici-types/-/undici-types-7.8.0.tgz",
      "integrity": "sha512-9UJ2xGDvQ43tYyVMpuHlsgApydB8ZKfVYTsLDhXkFL/6gfkp+U8xTGdh8pMJv1SpZna0zxG1DwsKZsreLbXBxw==",
      "dev": true,
      "license": "MIT"
    }
  }
}
